
Microsoft Visual Studio Solution File, Format Version 12.00
# Visual Studio Version 16
VisualStudioVersion = 16.0.31105.61
MinimumVisualStudioVersion = 10.0.40219.1
Project("{FAE04EC0-301F-11D3-BF4B-00C04F79EFBC}") = "DataAccess", "DataAccess\DataAccess.csproj", "{ADF2A23C-187B-4129-AAC2-691BD2C7D4DA}"
EndProject
Project("{FAE04EC0-301F-11D3-BF4B-00C04F79EFBC}") = "Business", "Business\Business.csproj", "{A0BB355A-70B1-49BF-A820-A1A16405E5DE}"
EndProject
Project("{FAE04EC0-301F-11D3-BF4B-00C04F79EFBC}") = "Entities", "Entities\Entities.csproj", "{10C2A0B9-63DC-4380-8416-C83D2AB69ED2}"
EndProject
Project("{FAE04EC0-301F-11D3-BF4B-00C04F79EFBC}") = "ConsoleUI", "ConsoleUI\ConsoleUI.csproj", "{98578142-60AD-45BD-888C-BE45456014DB}"
EndProject
Global
	GlobalSection(SolutionConfigurationPlatforms) = preSolution
		Debug|Any CPU = Debug|Any CPU
		Release|Any CPU = Release|Any CPU
	EndGlobalSection
	GlobalSection(ProjectConfigurationPlatforms) = postSolution
		{ADF2A23C-187B-4129-AAC2-691BD2C7D4DA}.Debug|Any CPU.ActiveCfg = Debug|Any CPU
		{ADF2A23C-187B-4129-AAC2-691BD2C7D4DA}.Debug|Any CPU.Build.0 = Debug|Any CPU
		{ADF2A23C-187B-4129-AAC2-691BD2C7D4DA}.Release|Any CPU.ActiveCfg = Release|Any CPU
		{ADF2A23C-187B-4129-AAC2-691BD2C7D4DA}.Release|Any CPU.Build.0 = Release|Any CPU
		{A0BB355A-70B1-49BF-A820-A1A16405E5DE}.Debug|Any CPU.ActiveCfg = Debug|Any CPU
		{A0BB355A-70B1-49BF-A820-A1A16405E5DE}.Debug|Any CPU.Build.0 = Debug|Any CPU
		{A0BB355A-70B1-49BF-A820-A1A16405E5DE}.Release|Any CPU.ActiveCfg = Release|Any CPU
		{A0BB355A-70B1-49BF-A820-A1A16405E5DE}.Release|Any CPU.Build.0 = Release|Any CPU
		{10C2A0B9-63DC-4380-8416-C83D2AB69ED2}.Debug|Any CPU.ActiveCfg = Debug|Any CPU
		{10C2A0B9-63DC-4380-8416-C83D2AB69ED2}.Debug|Any CPU.Build.0 = Debug|Any CPU
		{10C2A0B9-63DC-4380-8416-C83D2AB69ED2}.Release|Any CPU.ActiveCfg = Release|Any CPU
		{10C2A0B9-63DC-4380-8416-C83D2AB69ED2}.Release|Any CPU.Build.0 = Release|Any CPU
		{98578142-60AD-45BD-888C-BE45456014DB}.Debug|Any CPU.ActiveCfg = Debug|Any CPU
		{98578142-60AD-45BD-888C-BE45456014DB}.Debug|Any CPU.Build.0 = Debug|Any CPU
		{98578142-60AD-45BD-888C-BE45456014DB}.Release|Any CPU.ActiveCfg = Release|Any CPU
		{98578142-60AD-45BD-888C-BE45456014DB}.Release|Any CPU.Build.0 = Release|Any CPU
	EndGlobalSection
	GlobalSection(SolutionProperties) = preSolution
		HideSolutionNode = FALSE
	EndGlobalSection
	GlobalSection(ExtensibilityGlobals) = postSolution
		SolutionGuid = {8C3BB9E2-C682-40BD-B752-269B61717200}
	EndGlobalSection
EndGlobal
